
Microsoft Visual Studio Solution File, Format Version 12.00
# Visual Studio Version 17
VisualStudioVersion = 17.2.32519.379
MinimumVisualStudioVersion = 10.0.40219.1
Project("{FAE04EC0-301F-11D3-BF4B-00C04F79EFBC}") = "ConsoleApp2", "ConsoleApp2\ConsoleApp2.csproj", "{DD524279-37E9-474E-AA9B-BA5B6AE35295}"
EndProject
Project("{FAE04EC0-301F-11D3-BF4B-00C04F79EFBC}") = "HelloWorldGUI", "HelloWorldGUI\HelloWorldGUI.csproj", "{83535122-E58A-44C3-BF46-63A87DE8D943}"
EndProject
Project("{FAE04EC0-301F-11D3-BF4B-00C04F79EFBC}") = "SaveMoney", "SaveMoney\SaveMoney.csproj", "{F0330487-6F9B-4A3B-B743-26A9B314336D}"
EndProject
Global
	GlobalSection(SolutionConfigurationPlatforms) = preSolution
		Debug|Any CPU = Debug|Any CPU
		Release|Any CPU = Release|Any CPU
	EndGlobalSection
	GlobalSection(ProjectConfigurationPlatforms) = postSolution
		{DD524279-37E9-474E-AA9B-BA5B6AE35295}.Debug|Any CPU.ActiveCfg = Debug|Any CPU
		{DD524279-37E9-474E-AA9B-BA5B6AE35295}.Debug|Any CPU.Build.0 = Debug|Any CPU
		{DD524279-37E9-474E-AA9B-BA5B6AE35295}.Release|Any CPU.ActiveCfg = Release|Any CPU
		{DD524279-37E9-474E-AA9B-BA5B6AE35295}.Release|Any CPU.Build.0 = Release|Any CPU
		{83535122-E58A-44C3-BF46-63A87DE8D943}.Debug|Any CPU.ActiveCfg = Debug|Any CPU
		{83535122-E58A-44C3-BF46-63A87DE8D943}.Debug|Any CPU.Build.0 = Debug|Any CPU
		{83535122-E58A-44C3-BF46-63A87DE8D943}.Release|Any CPU.ActiveCfg = Release|Any CPU
		{83535122-E58A-44C3-BF46-63A87DE8D943}.Release|Any CPU.Build.0 = Release|Any CPU
		{F0330487-6F9B-4A3B-B743-26A9B314336D}.Debug|Any CPU.ActiveCfg = Debug|Any CPU
		{F0330487-6F9B-4A3B-B743-26A9B314336D}.Debug|Any CPU.Build.0 = Debug|Any CPU
		{F0330487-6F9B-4A3B-B743-26A9B314336D}.Release|Any CPU.ActiveCfg = Release|Any CPU
		{F0330487-6F9B-4A3B-B743-26A9B314336D}.Release|Any CPU.Build.0 = Release|Any CPU
	EndGlobalSection
	GlobalSection(SolutionProperties) = preSolution
		HideSolutionNode = FALSE
	EndGlobalSection
	GlobalSection(ExtensibilityGlobals) = postSolution
		SolutionGuid = {019C3668-2D71-4912-A402-639C1B18CD55}
	EndGlobalSection
EndGlobal
